
Microsoft Visual Studio Solution File, Format Version 12.00
# Visual Studio Version 16
VisualStudioVersion = 16.0.30413.136
MinimumVisualStudioVersion = 10.0.40219.1
Project("{9A19103F-16F7-4668-BE54-9A1E7A4F7556}") = "FreeForum", "FreeForum.csproj", "{7E1B1675-3D53-4305-BAAE-DDBB7B1A50AE}"
EndProject
Project("{9A19103F-16F7-4668-BE54-9A1E7A4F7556}") = "FreeForum.Data", "..\FreeForum.Data\FreeForum.Data.csproj", "{0FD465B7-3B6B-489D-B2DF-5DBB3DF93A22}"
EndProject
Project("{FAE04EC0-301F-11D3-BF4B-00C04F79EFBC}") = "FreeForum.Service", "..\FreeForum.Service\FreeForum.Service.csproj", "{3AB94A9D-76A8-48BE-8908-87DF6CA43D1A}"
EndProject
Global
	GlobalSection(SolutionConfigurationPlatforms) = preSolution
		Debug|Any CPU = Debug|Any CPU
		Release|Any CPU = Release|Any CPU
	EndGlobalSection
	GlobalSection(ProjectConfigurationPlatforms) = postSolution
		{7E1B1675-3D53-4305-BAAE-DDBB7B1A50AE}.Debug|Any CPU.ActiveCfg = Debug|Any CPU
		{7E1B1675-3D53-4305-BAAE-DDBB7B1A50AE}.Debug|Any CPU.Build.0 = Debug|Any CPU
		{7E1B1675-3D53-4305-BAAE-DDBB7B1A50AE}.Release|Any CPU.ActiveCfg = Release|Any CPU
		{7E1B1675-3D53-4305-BAAE-DDBB7B1A50AE}.Release|Any CPU.Build.0 = Release|Any CPU
		{0FD465B7-3B6B-489D-B2DF-5DBB3DF93A22}.Debug|Any CPU.ActiveCfg = Debug|Any CPU
		{0FD465B7-3B6B-489D-B2DF-5DBB3DF93A22}.Debug|Any CPU.Build.0 = Debug|Any CPU
		{0FD465B7-3B6B-489D-B2DF-5DBB3DF93A22}.Release|Any CPU.ActiveCfg = Release|Any CPU
		{0FD465B7-3B6B-489D-B2DF-5DBB3DF93A22}.Release|Any CPU.Build.0 = Release|Any CPU
		{3AB94A9D-76A8-48BE-8908-87DF6CA43D1A}.Debug|Any CPU.ActiveCfg = Debug|Any CPU
		{3AB94A9D-76A8-48BE-8908-87DF6CA43D1A}.Debug|Any CPU.Build.0 = Debug|Any CPU
		{3AB94A9D-76A8-48BE-8908-87DF6CA43D1A}.Release|Any CPU.ActiveCfg = Release|Any CPU
		{3AB94A9D-76A8-48BE-8908-87DF6CA43D1A}.Release|Any CPU.Build.0 = Release|Any CPU
	EndGlobalSection
	GlobalSection(SolutionProperties) = preSolution
		HideSolutionNode = FALSE
	EndGlobalSection
	GlobalSection(ExtensibilityGlobals) = postSolution
		SolutionGuid = {4FECB263-0376-47AB-B313-1A40CBFFC20A}
	EndGlobalSection
EndGlobal
