
Microsoft Visual Studio Solution File, Format Version 12.00
# Visual Studio Version 16
VisualStudioVersion = 16.0.30413.136
MinimumVisualStudioVersion = 10.0.40219.1
Project("{9A19103F-16F7-4668-BE54-9A1E7A4F7556}") = "FreeForum.Web", "FreeForum.Web\FreeForum.Web.csproj", "{4ECAF6AB-5F28-4169-9689-C33C295067FE}"
EndProject
Project("{9A19103F-16F7-4668-BE54-9A1E7A4F7556}") = "FreeForum.Data", "FreeForum.Data\FreeForum.Data.csproj", "{C978E141-C3CB-48B5-BE45-790F27187771}"
EndProject
Project("{9A19103F-16F7-4668-BE54-9A1E7A4F7556}") = "FreeForum.Service", "FreeForum.Service\FreeForum.Service.csproj", "{77E9F172-3202-42F2-B36A-32C7CC075DDB}"
EndProject
Global
	GlobalSection(SolutionConfigurationPlatforms) = preSolution
		Debug|Any CPU = Debug|Any CPU
		Release|Any CPU = Release|Any CPU
	EndGlobalSection
	GlobalSection(ProjectConfigurationPlatforms) = postSolution
		{4ECAF6AB-5F28-4169-9689-C33C295067FE}.Debug|Any CPU.ActiveCfg = Debug|Any CPU
		{4ECAF6AB-5F28-4169-9689-C33C295067FE}.Debug|Any CPU.Build.0 = Debug|Any CPU
		{4ECAF6AB-5F28-4169-9689-C33C295067FE}.Release|Any CPU.ActiveCfg = Release|Any CPU
		{4ECAF6AB-5F28-4169-9689-C33C295067FE}.Release|Any CPU.Build.0 = Release|Any CPU
		{C978E141-C3CB-48B5-BE45-790F27187771}.Debug|Any CPU.ActiveCfg = Debug|Any CPU
		{C978E141-C3CB-48B5-BE45-790F27187771}.Debug|Any CPU.Build.0 = Debug|Any CPU
		{C978E141-C3CB-48B5-BE45-790F27187771}.Release|Any CPU.ActiveCfg = Release|Any CPU
		{C978E141-C3CB-48B5-BE45-790F27187771}.Release|Any CPU.Build.0 = Release|Any CPU
		{77E9F172-3202-42F2-B36A-32C7CC075DDB}.Debug|Any CPU.ActiveCfg = Debug|Any CPU
		{77E9F172-3202-42F2-B36A-32C7CC075DDB}.Debug|Any CPU.Build.0 = Debug|Any CPU
		{77E9F172-3202-42F2-B36A-32C7CC075DDB}.Release|Any CPU.ActiveCfg = Release|Any CPU
		{77E9F172-3202-42F2-B36A-32C7CC075DDB}.Release|Any CPU.Build.0 = Release|Any CPU
	EndGlobalSection
	GlobalSection(SolutionProperties) = preSolution
		HideSolutionNode = FALSE
	EndGlobalSection
	GlobalSection(ExtensibilityGlobals) = postSolution
		SolutionGuid = {4FECB263-0376-47AB-B313-1A40CBFFC20A}
	EndGlobalSection
EndGlobal
